
Microsoft Visual Studio Solution File, Format Version 12.00
# Visual Studio Version 17
VisualStudioVersion = 17.11.35312.102
MinimumVisualStudioVersion = 10.0.40219.1
Project("{FAE04EC0-301F-11D3-BF4B-00C04F79EFBC}") = "DriverLicenseTestBE", "DriverLicenseTestBE\DriverLicenseTestBE.csproj", "{D78E9022-4CBB-4D7F-9EF0-5A1CD1F4ECDB}"
EndProject
Global
	GlobalSection(SolutionConfigurationPlatforms) = preSolution
		Debug|Any CPU = Debug|Any CPU
		Release|Any CPU = Release|Any CPU
	EndGlobalSection
	GlobalSection(ProjectConfigurationPlatforms) = postSolution
		{D78E9022-4CBB-4D7F-9EF0-5A1CD1F4ECDB}.Debug|Any CPU.ActiveCfg = Debug|Any CPU
		{D78E9022-4CBB-4D7F-9EF0-5A1CD1F4ECDB}.Debug|Any CPU.Build.0 = Debug|Any CPU
		{D78E9022-4CBB-4D7F-9EF0-5A1CD1F4ECDB}.Release|Any CPU.ActiveCfg = Release|Any CPU
		{D78E9022-4CBB-4D7F-9EF0-5A1CD1F4ECDB}.Release|Any CPU.Build.0 = Release|Any CPU
	EndGlobalSection
	GlobalSection(SolutionProperties) = preSolution
		HideSolutionNode = FALSE
	EndGlobalSection
	GlobalSection(ExtensibilityGlobals) = postSolution
		SolutionGuid = {3C56772D-C97E-462E-BD60-2CC82B3FE636}
	EndGlobalSection
EndGlobal
